
Microsoft Visual Studio Solution File, Format Version 12.00
# Visual Studio 15
VisualStudioVersion = 15.0.28307.1082
MinimumVisualStudioVersion = 10.0.40219.1
Project("{FAE04EC0-301F-11D3-BF4B-00C04F79EFBC}") = "wsAmericaV", "..\wsAmericaV\wsAmericaV.csproj", "{46E0C03F-944F-44F4-B112-4ECDEC9DFEFA}"
EndProject
Project("{FAE04EC0-301F-11D3-BF4B-00C04F79EFBC}") = "LibraryDatos", "LibraryDatos\LibraryDatos.csproj", "{9CFDCAC2-5631-4A5F-85A8-DAC8AAB39BC7}"
EndProject
Global
	GlobalSection(SolutionConfigurationPlatforms) = preSolution
		Debug|Any CPU = Debug|Any CPU
		Release|Any CPU = Release|Any CPU
	EndGlobalSection
	GlobalSection(ProjectConfigurationPlatforms) = postSolution
		{46E0C03F-944F-44F4-B112-4ECDEC9DFEFA}.Debug|Any CPU.ActiveCfg = Debug|Any CPU
		{46E0C03F-944F-44F4-B112-4ECDEC9DFEFA}.Debug|Any CPU.Build.0 = Debug|Any CPU
		{46E0C03F-944F-44F4-B112-4ECDEC9DFEFA}.Release|Any CPU.ActiveCfg = Release|Any CPU
		{46E0C03F-944F-44F4-B112-4ECDEC9DFEFA}.Release|Any CPU.Build.0 = Release|Any CPU
		{9CFDCAC2-5631-4A5F-85A8-DAC8AAB39BC7}.Debug|Any CPU.ActiveCfg = Debug|Any CPU
		{9CFDCAC2-5631-4A5F-85A8-DAC8AAB39BC7}.Debug|Any CPU.Build.0 = Debug|Any CPU
		{9CFDCAC2-5631-4A5F-85A8-DAC8AAB39BC7}.Release|Any CPU.ActiveCfg = Release|Any CPU
		{9CFDCAC2-5631-4A5F-85A8-DAC8AAB39BC7}.Release|Any CPU.Build.0 = Release|Any CPU
	EndGlobalSection
	GlobalSection(SolutionProperties) = preSolution
		HideSolutionNode = FALSE
	EndGlobalSection
	GlobalSection(ExtensibilityGlobals) = postSolution
		SolutionGuid = {CEF259C6-BE44-4ACE-A40A-8795875C2FFC}
	EndGlobalSection
EndGlobal
